
Microsoft Visual Studio Solution File, Format Version 12.00
# Visual Studio Version 17
VisualStudioVersion = 17.14.36616.10 d17.14
MinimumVisualStudioVersion = 10.0.40219.1
Project("{FAE04EC0-301F-11D3-BF4B-00C04F79EFBC}") = "Task", "ConsoleApp1\Task.csproj", "{A2B32C8F-9D49-4F11-949E-B6F0590B5DD9}"
EndProject
Global
	GlobalSection(SolutionConfigurationPlatforms) = preSolution
		Debug|Any CPU = Debug|Any CPU
		Release|Any CPU = Release|Any CPU
	EndGlobalSection
	GlobalSection(ProjectConfigurationPlatforms) = postSolution
		{A2B32C8F-9D49-4F11-949E-B6F0590B5DD9}.Debug|Any CPU.ActiveCfg = Debug|Any CPU
		{A2B32C8F-9D49-4F11-949E-B6F0590B5DD9}.Debug|Any CPU.Build.0 = Debug|Any CPU
		{A2B32C8F-9D49-4F11-949E-B6F0590B5DD9}.Release|Any CPU.ActiveCfg = Release|Any CPU
		{A2B32C8F-9D49-4F11-949E-B6F0590B5DD9}.Release|Any CPU.Build.0 = Release|Any CPU
	EndGlobalSection
	GlobalSection(SolutionProperties) = preSolution
		HideSolutionNode = FALSE
	EndGlobalSection
	GlobalSection(ExtensibilityGlobals) = postSolution
		SolutionGuid = {964DC4B1-4CF5-4287-8474-33BFF2F0942A}
	EndGlobalSection
EndGlobal
